
Microsoft Visual Studio Solution File, Format Version 12.00
# Visual Studio Version 17
VisualStudioVersion = 17.1.32421.90
MinimumVisualStudioVersion = 10.0.40219.1
Project("{9A19103F-16F7-4668-BE54-9A1E7A4F7556}") = "PhoneBook.Extensions", "PhoneBook.Extensions\PhoneBook.Extensions.csproj", "{F317D4CC-BA63-4543-A379-C83A34C406A5}"
EndProject
Project("{9A19103F-16F7-4668-BE54-9A1E7A4F7556}") = "PhoneBook.Tests", "PhoneBook.Tests\PhoneBook.Tests.csproj", "{F03EDDE9-CA47-4528-B71F-EEA715D057AA}"
EndProject
Project("{9A19103F-16F7-4668-BE54-9A1E7A4F7556}") = "PhoneBook.Report", "PhoneBook.Report\PhoneBook.Report.csproj", "{99602C4D-F61B-4C80-AD20-FCEB5EF63B84}"
EndProject
Project("{FAE04EC0-301F-11D3-BF4B-00C04F79EFBC}") = "PhoneBook.ReportWorker", "PhoneBook.ReportWorker\PhoneBook.ReportWorker.csproj", "{4DE58453-FDED-467F-908E-421E26F0231B}"
EndProject
Global
	GlobalSection(SolutionConfigurationPlatforms) = preSolution
		Debug|Any CPU = Debug|Any CPU
		Release|Any CPU = Release|Any CPU
	EndGlobalSection
	GlobalSection(ProjectConfigurationPlatforms) = postSolution
		{F317D4CC-BA63-4543-A379-C83A34C406A5}.Debug|Any CPU.ActiveCfg = Debug|Any CPU
		{F317D4CC-BA63-4543-A379-C83A34C406A5}.Debug|Any CPU.Build.0 = Debug|Any CPU
		{F317D4CC-BA63-4543-A379-C83A34C406A5}.Release|Any CPU.ActiveCfg = Release|Any CPU
		{F317D4CC-BA63-4543-A379-C83A34C406A5}.Release|Any CPU.Build.0 = Release|Any CPU
		{F03EDDE9-CA47-4528-B71F-EEA715D057AA}.Debug|Any CPU.ActiveCfg = Debug|Any CPU
		{F03EDDE9-CA47-4528-B71F-EEA715D057AA}.Debug|Any CPU.Build.0 = Debug|Any CPU
		{F03EDDE9-CA47-4528-B71F-EEA715D057AA}.Release|Any CPU.ActiveCfg = Release|Any CPU
		{F03EDDE9-CA47-4528-B71F-EEA715D057AA}.Release|Any CPU.Build.0 = Release|Any CPU
		{99602C4D-F61B-4C80-AD20-FCEB5EF63B84}.Debug|Any CPU.ActiveCfg = Debug|Any CPU
		{99602C4D-F61B-4C80-AD20-FCEB5EF63B84}.Debug|Any CPU.Build.0 = Debug|Any CPU
		{99602C4D-F61B-4C80-AD20-FCEB5EF63B84}.Release|Any CPU.ActiveCfg = Release|Any CPU
		{99602C4D-F61B-4C80-AD20-FCEB5EF63B84}.Release|Any CPU.Build.0 = Release|Any CPU
		{4DE58453-FDED-467F-908E-421E26F0231B}.Debug|Any CPU.ActiveCfg = Debug|Any CPU
		{4DE58453-FDED-467F-908E-421E26F0231B}.Debug|Any CPU.Build.0 = Debug|Any CPU
		{4DE58453-FDED-467F-908E-421E26F0231B}.Release|Any CPU.ActiveCfg = Release|Any CPU
		{4DE58453-FDED-467F-908E-421E26F0231B}.Release|Any CPU.Build.0 = Release|Any CPU
	EndGlobalSection
	GlobalSection(SolutionProperties) = preSolution
		HideSolutionNode = FALSE
	EndGlobalSection
	GlobalSection(ExtensibilityGlobals) = postSolution
		SolutionGuid = {84F51FDE-8D6D-41CE-99BD-E741AF4CB03A}
	EndGlobalSection
EndGlobal
