
Microsoft Visual Studio Solution File, Format Version 12.00
# Visual Studio Version 17
VisualStudioVersion = 17.1.32421.90
MinimumVisualStudioVersion = 10.0.40219.1
Project("{FAE04EC0-301F-11D3-BF4B-00C04F79EFBC}") = "PhoneBook.Extensions", "PhoneBook.Extensions\PhoneBook.Extensions.csproj", "{F317D4CC-BA63-4543-A379-C83A34C406A5}"
EndProject
Global
	GlobalSection(SolutionConfigurationPlatforms) = preSolution
		Debug|Any CPU = Debug|Any CPU
		Release|Any CPU = Release|Any CPU
	EndGlobalSection
	GlobalSection(ProjectConfigurationPlatforms) = postSolution
		{F317D4CC-BA63-4543-A379-C83A34C406A5}.Debug|Any CPU.ActiveCfg = Debug|Any CPU
		{F317D4CC-BA63-4543-A379-C83A34C406A5}.Debug|Any CPU.Build.0 = Debug|Any CPU
		{F317D4CC-BA63-4543-A379-C83A34C406A5}.Release|Any CPU.ActiveCfg = Release|Any CPU
		{F317D4CC-BA63-4543-A379-C83A34C406A5}.Release|Any CPU.Build.0 = Release|Any CPU
	EndGlobalSection
	GlobalSection(SolutionProperties) = preSolution
		HideSolutionNode = FALSE
	EndGlobalSection
	GlobalSection(ExtensibilityGlobals) = postSolution
		SolutionGuid = {84F51FDE-8D6D-41CE-99BD-E741AF4CB03A}
	EndGlobalSection
EndGlobal
